
Microsoft Visual Studio Solution File, Format Version 12.00
# Visual Studio Version 17
VisualStudioVersion = 17.9.34622.214
MinimumVisualStudioVersion = 10.0.40219.1
Project("{FAE04EC0-301F-11D3-BF4B-00C04F79EFBC}") = "SistemaDeVendas", "SistemaDeVendas\SistemaDeVendas.csproj", "{4F289640-FCBC-4077-9E30-F5A7CCA1AECF}"
EndProject
Global
	GlobalSection(SolutionConfigurationPlatforms) = preSolution
		Debug|Any CPU = Debug|Any CPU
		Release|Any CPU = Release|Any CPU
	EndGlobalSection
	GlobalSection(ProjectConfigurationPlatforms) = postSolution
		{4F289640-FCBC-4077-9E30-F5A7CCA1AECF}.Debug|Any CPU.ActiveCfg = Debug|Any CPU
		{4F289640-FCBC-4077-9E30-F5A7CCA1AECF}.Debug|Any CPU.Build.0 = Debug|Any CPU
		{4F289640-FCBC-4077-9E30-F5A7CCA1AECF}.Release|Any CPU.ActiveCfg = Release|Any CPU
		{4F289640-FCBC-4077-9E30-F5A7CCA1AECF}.Release|Any CPU.Build.0 = Release|Any CPU
	EndGlobalSection
	GlobalSection(SolutionProperties) = preSolution
		HideSolutionNode = FALSE
	EndGlobalSection
	GlobalSection(ExtensibilityGlobals) = postSolution
		SolutionGuid = {055A7D8D-2030-49A7-AF46-80A9599BAE02}
	EndGlobalSection
EndGlobal
